
Microsoft Visual Studio Solution File, Format Version 12.00
# Visual Studio Version 17
VisualStudioVersion = 17.1.32328.378
MinimumVisualStudioVersion = 10.0.40219.1
Project("{9A19103F-16F7-4668-BE54-9A1E7A4F7556}") = "NetCore3MVC", "NetCore3MVC\NetCore3MVC.csproj", "{EDA18814-D916-4905-9009-624A783445D6}"
EndProject
Project("{E53339B2-1760-4266-BCC7-CA923CBCF16C}") = "docker-compose", "docker-compose.dcproj", "{3737F4FC-954A-4066-AEE5-0347AE7DE2CE}"
EndProject
Global
	GlobalSection(SolutionConfigurationPlatforms) = preSolution
		Debug|Any CPU = Debug|Any CPU
		Release|Any CPU = Release|Any CPU
	EndGlobalSection
	GlobalSection(ProjectConfigurationPlatforms) = postSolution
		{EDA18814-D916-4905-9009-624A783445D6}.Debug|Any CPU.ActiveCfg = Debug|Any CPU
		{EDA18814-D916-4905-9009-624A783445D6}.Debug|Any CPU.Build.0 = Debug|Any CPU
		{EDA18814-D916-4905-9009-624A783445D6}.Release|Any CPU.ActiveCfg = Release|Any CPU
		{EDA18814-D916-4905-9009-624A783445D6}.Release|Any CPU.Build.0 = Release|Any CPU
		{3737F4FC-954A-4066-AEE5-0347AE7DE2CE}.Debug|Any CPU.ActiveCfg = Debug|Any CPU
		{3737F4FC-954A-4066-AEE5-0347AE7DE2CE}.Debug|Any CPU.Build.0 = Debug|Any CPU
		{3737F4FC-954A-4066-AEE5-0347AE7DE2CE}.Release|Any CPU.ActiveCfg = Release|Any CPU
		{3737F4FC-954A-4066-AEE5-0347AE7DE2CE}.Release|Any CPU.Build.0 = Release|Any CPU
	EndGlobalSection
	GlobalSection(SolutionProperties) = preSolution
		HideSolutionNode = FALSE
	EndGlobalSection
	GlobalSection(ExtensibilityGlobals) = postSolution
		SolutionGuid = {28016ADB-CFA1-4869-9C56-850C5AA6852D}
	EndGlobalSection
EndGlobal
